
Microsoft Visual Studio Solution File, Format Version 12.00
# Visual Studio Version 17
VisualStudioVersion = 17.8.34511.84
MinimumVisualStudioVersion = 10.0.40219.1
Project("{FAE04EC0-301F-11D3-BF4B-00C04F79EFBC}") = "Faker", "Faker\Faker.csproj", "{A7543B97-EDB2-439F-A9B5-3D881280C70C}"
EndProject
Global
	GlobalSection(SolutionConfigurationPlatforms) = preSolution
		Debug|Any CPU = Debug|Any CPU
		Release|Any CPU = Release|Any CPU
	EndGlobalSection
	GlobalSection(ProjectConfigurationPlatforms) = postSolution
		{A7543B97-EDB2-439F-A9B5-3D881280C70C}.Debug|Any CPU.ActiveCfg = Debug|Any CPU
		{A7543B97-EDB2-439F-A9B5-3D881280C70C}.Debug|Any CPU.Build.0 = Debug|Any CPU
		{A7543B97-EDB2-439F-A9B5-3D881280C70C}.Release|Any CPU.ActiveCfg = Release|Any CPU
		{A7543B97-EDB2-439F-A9B5-3D881280C70C}.Release|Any CPU.Build.0 = Release|Any CPU
	EndGlobalSection
	GlobalSection(SolutionProperties) = preSolution
		HideSolutionNode = FALSE
	EndGlobalSection
	GlobalSection(ExtensibilityGlobals) = postSolution
		SolutionGuid = {BF7B892B-C709-4EF9-A2F2-7316AC691562}
	EndGlobalSection
EndGlobal
